
Microsoft Visual Studio Solution File, Format Version 12.00
# Visual Studio Version 17
VisualStudioVersion = 17.14.37027.9
MinimumVisualStudioVersion = 10.0.40219.1
Project("{FAE04EC0-301F-11D3-BF4B-00C04F79EFBC}") = "Nailify.Capstone.Application", "Nailify.Capstone.Application\Nailify.Capstone.Application.csproj", "{AC6E5BA8-C332-FAD0-612A-E54296E59ECC}"
EndProject
Project("{FAE04EC0-301F-11D3-BF4B-00C04F79EFBC}") = "Nailify.Capstone.Domain", "Nailify.Capstone.Domain\Nailify.Capstone.Domain.csproj", "{ED93D764-EB50-7698-965B-FE22210225CA}"
EndProject
Project("{FAE04EC0-301F-11D3-BF4B-00C04F79EFBC}") = "Nailify.Capstone.Infrastructure", "Nailify.Capstone.Infrastructure\Nailify.Capstone.Infrastructure.csproj", "{7C18B356-571F-FB2A-20E7-3D8FE7907544}"
EndProject
Project("{FAE04EC0-301F-11D3-BF4B-00C04F79EFBC}") = "Nailify.Capstone.Presentation", "Nailify.Capstone.Presentation\Nailify.Capstone.Presentation.csproj", "{05CFC470-9BAE-B6AC-5941-A79881830579}"
EndProject
Global
	GlobalSection(SolutionConfigurationPlatforms) = preSolution
		Debug|Any CPU = Debug|Any CPU
		Release|Any CPU = Release|Any CPU
	EndGlobalSection
	GlobalSection(ProjectConfigurationPlatforms) = postSolution
		{AC6E5BA8-C332-FAD0-612A-E54296E59ECC}.Debug|Any CPU.ActiveCfg = Debug|Any CPU
		{AC6E5BA8-C332-FAD0-612A-E54296E59ECC}.Debug|Any CPU.Build.0 = Debug|Any CPU
		{AC6E5BA8-C332-FAD0-612A-E54296E59ECC}.Release|Any CPU.ActiveCfg = Release|Any CPU
		{AC6E5BA8-C332-FAD0-612A-E54296E59ECC}.Release|Any CPU.Build.0 = Release|Any CPU
		{ED93D764-EB50-7698-965B-FE22210225CA}.Debug|Any CPU.ActiveCfg = Debug|Any CPU
		{ED93D764-EB50-7698-965B-FE22210225CA}.Debug|Any CPU.Build.0 = Debug|Any CPU
		{ED93D764-EB50-7698-965B-FE22210225CA}.Release|Any CPU.ActiveCfg = Release|Any CPU
		{ED93D764-EB50-7698-965B-FE22210225CA}.Release|Any CPU.Build.0 = Release|Any CPU
		{7C18B356-571F-FB2A-20E7-3D8FE7907544}.Debug|Any CPU.ActiveCfg = Debug|Any CPU
		{7C18B356-571F-FB2A-20E7-3D8FE7907544}.Debug|Any CPU.Build.0 = Debug|Any CPU
		{7C18B356-571F-FB2A-20E7-3D8FE7907544}.Release|Any CPU.ActiveCfg = Release|Any CPU
		{7C18B356-571F-FB2A-20E7-3D8FE7907544}.Release|Any CPU.Build.0 = Release|Any CPU
		{05CFC470-9BAE-B6AC-5941-A79881830579}.Debug|Any CPU.ActiveCfg = Debug|Any CPU
		{05CFC470-9BAE-B6AC-5941-A79881830579}.Debug|Any CPU.Build.0 = Debug|Any CPU
		{05CFC470-9BAE-B6AC-5941-A79881830579}.Release|Any CPU.ActiveCfg = Release|Any CPU
		{05CFC470-9BAE-B6AC-5941-A79881830579}.Release|Any CPU.Build.0 = Release|Any CPU
	EndGlobalSection
	GlobalSection(SolutionProperties) = preSolution
		HideSolutionNode = FALSE
	EndGlobalSection
	GlobalSection(ExtensibilityGlobals) = postSolution
		SolutionGuid = {3B1B89CA-4DBC-463B-91D8-E545334B4850}
	EndGlobalSection
EndGlobal
